
Microsoft Visual Studio Solution File, Format Version 12.00
# Visual Studio Version 17
VisualStudioVersion = 17.6.33801.468
MinimumVisualStudioVersion = 10.0.40219.1
Project("{FAE04EC0-301F-11D3-BF4B-00C04F79EFBC}") = "ScreenShotTool", "ScreenShotTool\ScreenShotTool.csproj", "{ED99A110-81E6-4B70-8612-924138CFD73B}"
EndProject
Global
	GlobalSection(SolutionConfigurationPlatforms) = preSolution
		Debug|Any CPU = Debug|Any CPU
		Release|Any CPU = Release|Any CPU
	EndGlobalSection
	GlobalSection(ProjectConfigurationPlatforms) = postSolution
		{ED99A110-81E6-4B70-8612-924138CFD73B}.Debug|Any CPU.ActiveCfg = Debug|Any CPU
		{ED99A110-81E6-4B70-8612-924138CFD73B}.Debug|Any CPU.Build.0 = Debug|Any CPU
		{ED99A110-81E6-4B70-8612-924138CFD73B}.Release|Any CPU.ActiveCfg = Release|Any CPU
		{ED99A110-81E6-4B70-8612-924138CFD73B}.Release|Any CPU.Build.0 = Release|Any CPU
	EndGlobalSection
	GlobalSection(SolutionProperties) = preSolution
		HideSolutionNode = FALSE
	EndGlobalSection
	GlobalSection(ExtensibilityGlobals) = postSolution
		SolutionGuid = {538F2F14-BA58-4409-936E-E80E814AE946}
	EndGlobalSection
EndGlobal
